// !$*UTF8*$!
{
	archiveVersion = 1;
	classes = {
	};
	objectVersion = 46;
	objects = {

/* Begin PBXBuildFile section */
		3914971516D23F3800864DF1 /* UIKit.framework in Frameworks */ = {isa = PBXBuildFile; fileRef = 3914971416D23F3800864DF1 /* UIKit.framework */; };
		3914971716D23F3800864DF1 /* Foundation.framework in Frameworks */ = {isa = PBXBuildFile; fileRef = 3914971616D23F3800864DF1 /* Foundation.framework */; };
		3914971916D23F3800864DF1 /* CoreGraphics.framework in Frameworks */ = {isa = PBXBuildFile; fileRef = 3914971816D23F3800864DF1 /* CoreGraphics.framework */; };
		3914971F16D23F3800864DF1 /* InfoPlist.strings in Resources */ = {isa = PBXBuildFile; fileRef = 3914971D16D23F3800864DF1 /* InfoPlist.strings */; };
		3914972116D23F3800864DF1 /* main.m in Sources */ = {isa = PBXBuildFile; fileRef = 3914972016D23F3800864DF1 /* main.m */; };
		3914972516D23F3800864DF1 /* MBAppDelegate.m in Sources */ = {isa = PBXBuildFile; fileRef = 3914972416D23F3800864DF1 /* MBAppDelegate.m */; };
		3914972716D23F3800864DF1 /* Default.png in Resources */ = {isa = PBXBuildFile; fileRef = 3914972616D23F3800864DF1 /* Default.png */; };
		3914972916D23F3800864DF1 /* Default@2x.png in Resources */ = {isa = PBXBuildFile; fileRef = 3914972816D23F3800864DF1 /* Default@2x.png */; };
		3914972B16D23F3800864DF1 /* Default-568h@2x.png in Resources */ = {isa = PBXBuildFile; fileRef = 3914972A16D23F3800864DF1 /* Default-568h@2x.png */; };
		3914972E16D23F3800864DF1 /* MainStoryboard_iPhone.storyboard in Resources */ = {isa = PBXBuildFile; fileRef = 3914972C16D23F3800864DF1 /* MainStoryboard_iPhone.storyboard */; };
		3914973116D23F3800864DF1 /* MainStoryboard_iPad.storyboard in Resources */ = {isa = PBXBuildFile; fileRef = 3914972F16D23F3800864DF1 /* MainStoryboard_iPad.storyboard */; };
		3914973416D23F3800864DF1 /* MBAlertViewController.m in Sources */ = {isa = PBXBuildFile; fileRef = 3914973316D23F3800864DF1 /* MBAlertViewController.m */; };
		3914973C16D2429C00864DF1 /* MBActionSheetViewController.m in Sources */ = {isa = PBXBuildFile; fileRef = 3914973B16D2429C00864DF1 /* MBActionSheetViewController.m */; };
		3914974816D243CB00864DF1 /* MBActionSheet.m in Sources */ = {isa = PBXBuildFile; fileRef = 3914974716D243CB00864DF1 /* MBActionSheet.m */; };
		3914974B16D243D700864DF1 /* MBAlertView.m in Sources */ = {isa = PBXBuildFile; fileRef = 3914974A16D243D700864DF1 /* MBAlertView.m */; };
/* End PBXBuildFile section */

/* Begin PBXFileReference section */
		3914971116D23F3800864DF1 /* MBAlertDemo.app */ = {isa = PBXFileReference; explicitFileType = wrapper.application; includeInIndex = 0; path = MBAlertDemo.app; sourceTree = BUILT_PRODUCTS_DIR; };
		3914971416D23F3800864DF1 /* UIKit.framework */ = {isa = PBXFileReference; lastKnownFileType = wrapper.framework; name = UIKit.framework; path = System/Library/Frameworks/UIKit.framework; sourceTree = SDKROOT; };
		3914971616D23F3800864DF1 /* Foundation.framework */ = {isa = PBXFileReference; lastKnownFileType = wrapper.framework; name = Foundation.framework; path = System/Library/Frameworks/Foundation.framework; sourceTree = SDKROOT; };
		3914971816D23F3800864DF1 /* CoreGraphics.framework */ = {isa = PBXFileReference; lastKnownFileType = wrapper.framework; name = CoreGraphics.framework; path = System/Library/Frameworks/CoreGraphics.framework; sourceTree = SDKROOT; };
		3914971C16D23F3800864DF1 /* MBAlertDemo-Info.plist */ = {isa = PBXFileReference; lastKnownFileType = text.plist.xml; path = "MBAlertDemo-Info.plist"; sourceTree = "<group>"; };
		3914971E16D23F3800864DF1 /* en */ = {isa = PBXFileReference; lastKnownFileType = text.plist.strings; name = en; path = en.lproj/InfoPlist.strings; sourceTree = "<group>"; };
		3914972016D23F3800864DF1 /* main.m */ = {isa = PBXFileReference; lastKnownFileType = sourcecode.c.objc; path = main.m; sourceTree = "<group>"; };
		3914972216D23F3800864DF1 /* MBAlertDemo-Prefix.pch */ = {isa = PBXFileReference; lastKnownFileType = sourcecode.c.h; path = "MBAlertDemo-Prefix.pch"; sourceTree = "<group>"; };
		3914972316D23F3800864DF1 /* MBAppDelegate.h */ = {isa = PBXFileReference; lastKnownFileType = sourcecode.c.h; path = MBAppDelegate.h; sourceTree = "<group>"; };
		3914972416D23F3800864DF1 /* MBAppDelegate.m */ = {isa = PBXFileReference; lastKnownFileType = sourcecode.c.objc; path = MBAppDelegate.m; sourceTree = "<group>"; };
		3914972616D23F3800864DF1 /* Default.png */ = {isa = PBXFileReference; lastKnownFileType = image.png; path = Default.png; sourceTree = "<group>"; };
		3914972816D23F3800864DF1 /* Default@2x.png */ = {isa = PBXFileReference; lastKnownFileType = image.png; path = "Default@2x.png"; sourceTree = "<group>"; };
		3914972A16D23F3800864DF1 /* Default-568h@2x.png */ = {isa = PBXFileReference; lastKnownFileType = image.png; path = "Default-568h@2x.png"; sourceTree = "<group>"; };
		3914972D16D23F3800864DF1 /* en */ = {isa = PBXFileReference; lastKnownFileType = file.storyboard; name = en; path = en.lproj/MainStoryboard_iPhone.storyboard; sourceTree = "<group>"; };
		3914973016D23F3800864DF1 /* en */ = {isa = PBXFileReference; lastKnownFileType = file.storyboard; name = en; path = en.lproj/MainStoryboard_iPad.storyboard; sourceTree = "<group>"; };
		3914973216D23F3800864DF1 /* MBAlertViewController.h */ = {isa = PBXFileReference; lastKnownFileType = sourcecode.c.h; path = MBAlertViewController.h; sourceTree = "<group>"; };
		3914973316D23F3800864DF1 /* MBAlertViewController.m */ = {isa = PBXFileReference; lastKnownFileType = sourcecode.c.objc; path = MBAlertViewController.m; sourceTree = "<group>"; };
		3914973A16D2429C00864DF1 /* MBActionSheetViewController.h */ = {isa = PBXFileReference; fileEncoding = 4; lastKnownFileType = sourcecode.c.h; path = MBActionSheetViewController.h; sourceTree = "<group>"; };
		3914973B16D2429C00864DF1 /* MBActionSheetViewController.m */ = {isa = PBXFileReference; fileEncoding = 4; lastKnownFileType = sourcecode.c.objc; path = MBActionSheetViewController.m; sourceTree = "<group>"; };
		3914974616D243CB00864DF1 /* MBActionSheet.h */ = {isa = PBXFileReference; fileEncoding = 4; lastKnownFileType = sourcecode.c.h; path = MBActionSheet.h; sourceTree = SOURCE_ROOT; };
		3914974716D243CB00864DF1 /* MBActionSheet.m */ = {isa = PBXFileReference; fileEncoding = 4; lastKnownFileType = sourcecode.c.objc; path = MBActionSheet.m; sourceTree = SOURCE_ROOT; };
		3914974916D243D700864DF1 /* MBAlertView.h */ = {isa = PBXFileReference; fileEncoding = 4; lastKnownFileType = sourcecode.c.h; path = MBAlertView.h; sourceTree = SOURCE_ROOT; };
		3914974A16D243D700864DF1 /* MBAlertView.m */ = {isa = PBXFileReference; fileEncoding = 4; lastKnownFileType = sourcecode.c.objc; path = MBAlertView.m; sourceTree = SOURCE_ROOT; };
/* End PBXFileReference section */

/* Begin PBXFrameworksBuildPhase section */
		3914970E16D23F3800864DF1 /* Frameworks */ = {
			isa = PBXFrameworksBuildPhase;
			buildActionMask = 2147483647;
			files = (
				3914971516D23F3800864DF1 /* UIKit.framework in Frameworks */,
				3914971716D23F3800864DF1 /* Foundation.framework in Frameworks */,
				3914971916D23F3800864DF1 /* CoreGraphics.framework in Frameworks */,
			);
			runOnlyForDeploymentPostprocessing = 0;
		};
/* End PBXFrameworksBuildPhase section */

/* Begin PBXGroup section */
		3914970816D23F3800864DF1 = {
			isa = PBXGroup;
			children = (
				3914974616D243CB00864DF1 /* MBActionSheet.h */,
				3914974716D243CB00864DF1 /* MBActionSheet.m */,
				3914974916D243D700864DF1 /* MBAlertView.h */,
				3914974A16D243D700864DF1 /* MBAlertView.m */,
				3914971A16D23F3800864DF1 /* MBAlertDemo */,
				3914971316D23F3800864DF1 /* Frameworks */,
				3914971216D23F3800864DF1 /* Products */,
			);
			sourceTree = "<group>";
		};
		3914971216D23F3800864DF1 /* Products */ = {
			isa = PBXGroup;
			children = (
				3914971116D23F3800864DF1 /* MBAlertDemo.app */,
			);
			name = Products;
			sourceTree = "<group>";
		};
		3914971316D23F3800864DF1 /* Frameworks */ = {
			isa = PBXGroup;
			children = (
				3914971416D23F3800864DF1 /* UIKit.framework */,
				3914971616D23F3800864DF1 /* Foundation.framework */,
				3914971816D23F3800864DF1 /* CoreGraphics.framework */,
			);
			name = Frameworks;
			sourceTree = "<group>";
		};
		3914971A16D23F3800864DF1 /* MBAlertDemo */ = {
			isa = PBXGroup;
			children = (
				3914972316D23F3800864DF1 /* MBAppDelegate.h */,
				3914972416D23F3800864DF1 /* MBAppDelegate.m */,
				3914972C16D23F3800864DF1 /* MainStoryboard_iPhone.storyboard */,
				3914972F16D23F3800864DF1 /* MainStoryboard_iPad.storyboard */,
				3914973216D23F3800864DF1 /* MBAlertViewController.h */,
				3914973316D23F3800864DF1 /* MBAlertViewController.m */,
				3914973A16D2429C00864DF1 /* MBActionSheetViewController.h */,
				3914973B16D2429C00864DF1 /* MBActionSheetViewController.m */,
				3914971B16D23F3800864DF1 /* Supporting Files */,
			);
			path = MBAlertDemo;
			sourceTree = "<group>";
		};
		3914971B16D23F3800864DF1 /* Supporting Files */ = {
			isa = PBXGroup;
			children = (
				3914971C16D23F3800864DF1 /* MBAlertDemo-Info.plist */,
				3914971D16D23F3800864DF1 /* InfoPlist.strings */,
				3914972016D23F3800864DF1 /* main.m */,
				3914972216D23F3800864DF1 /* MBAlertDemo-Prefix.pch */,
				3914972616D23F3800864DF1 /* Default.png */,
				3914972816D23F3800864DF1 /* Default@2x.png */,
				3914972A16D23F3800864DF1 /* Default-568h@2x.png */,
			);
			name = "Supporting Files";
			sourceTree = "<group>";
		};
/* End PBXGroup section */

/* Begin PBXNativeTarget section */
		3914971016D23F3800864DF1 /* MBAlertDemo */ = {
			isa = PBXNativeTarget;
			buildConfigurationList = 3914973716D23F3800864DF1 /* Build configuration list for PBXNativeTarget "MBAlertDemo" */;
			buildPhases = (
				3914970D16D23F3800864DF1 /* Sources */,
				3914970E16D23F3800864DF1 /* Frameworks */,
				3914970F16D23F3800864DF1 /* Resources */,
			);
			buildRules = (
			);
			dependencies = (
			);
			name = MBAlertDemo;
			productName = MBAlertDemo;
			productReference = 3914971116D23F3800864DF1 /* MBAlertDemo.app */;
			productType = "com.apple.product-type.application";
		};
/* End PBXNativeTarget section */

/* Begin PBXProject section */
		3914970916D23F3800864DF1 /* Project object */ = {
			isa = PBXProject;
			attributes = {
				CLASSPREFIX = MB;
				LastUpgradeCheck = 0460;
				ORGANIZATIONNAME = "Matthias Bauch";
			};
			buildConfigurationList = 3914970C16D23F3800864DF1 /* Build configuration list for PBXProject "MBAlertDemo" */;
			compatibilityVersion = "Xcode 3.2";
			developmentRegion = English;
			hasScannedForEncodings = 0;
			knownRegions = (
				en,
			);
			mainGroup = 3914970816D23F3800864DF1;
			productRefGroup = 3914971216D23F3800864DF1 /* Products */;
			projectDirPath = "";
			projectRoot = "";
			targets = (
				3914971016D23F3800864DF1 /* MBAlertDemo */,
			);
		};
/* End PBXProject section */

/* Begin PBXResourcesBuildPhase section */
		3914970F16D23F3800864DF1 /* Resources */ = {
			isa = PBXResourcesBuildPhase;
			buildActionMask = 2147483647;
			files = (
				3914971F16D23F3800864DF1 /* InfoPlist.strings in Resources */,
				3914972716D23F3800864DF1 /* Default.png in Resources */,
				3914972916D23F3800864DF1 /* Default@2x.png in Resources */,
				3914972B16D23F3800864DF1 /* Default-568h@2x.png in Resources */,
				3914972E16D23F3800864DF1 /* MainStoryboard_iPhone.storyboard in Resources */,
				3914973116D23F3800864DF1 /* MainStoryboard_iPad.storyboard in Resources */,
			);
			runOnlyForDeploymentPostprocessing = 0;
		};
/* End PBXResourcesBuildPhase section */

/* Begin PBXSourcesBuildPhase section */
		3914970D16D23F3800864DF1 /* Sources */ = {
			isa = PBXSourcesBuildPhase;
			buildActionMask = 2147483647;
			files = (
				3914972116D23F3800864DF1 /* main.m in Sources */,
				3914972516D23F3800864DF1 /* MBAppDelegate.m in Sources */,
				3914973416D23F3800864DF1 /* MBAlertViewController.m in Sources */,
				3914973C16D2429C00864DF1 /* MBActionSheetViewController.m in Sources */,
				3914974816D243CB00864DF1 /* MBActionSheet.m in Sources */,
				3914974B16D243D700864DF1 /* MBAlertView.m in Sources */,
			);
			runOnlyForDeploymentPostprocessing = 0;
		};
/* End PBXSourcesBuildPhase section */

/* Begin PBXVariantGroup section */
		3914971D16D23F3800864DF1 /* InfoPlist.strings */ = {
			isa = PBXVariantGroup;
			children = (
				3914971E16D23F3800864DF1 /* en */,
			);
			name = InfoPlist.strings;
			sourceTree = "<group>";
		};
		3914972C16D23F3800864DF1 /* MainStoryboard_iPhone.storyboard */ = {
			isa = PBXVariantGroup;
			children = (
				3914972D16D23F3800864DF1 /* en */,
			);
			name = MainStoryboard_iPhone.storyboard;
			sourceTree = "<group>";
		};
		3914972F16D23F3800864DF1 /* MainStoryboard_iPad.storyboard */ = {
			isa = PBXVariantGroup;
			children = (
				3914973016D23F3800864DF1 /* en */,
			);
			name = MainStoryboard_iPad.storyboard;
			sourceTree = "<group>";
		};
/* End PBXVariantGroup section */

/* Begin XCBuildConfiguration section */
		3914973516D23F3800864DF1 /* Debug */ = {
			isa = XCBuildConfiguration;
			buildSettings = {
				ALWAYS_SEARCH_USER_PATHS = NO;
				CLANG_CXX_LANGUAGE_STANDARD = "gnu++0x";
				CLANG_CXX_LIBRARY = "libc++";
				CLANG_ENABLE_OBJC_ARC = YES;
				CLANG_WARN_CONSTANT_CONVERSION = YES;
				CLANG_WARN_EMPTY_BODY = YES;
				CLANG_WARN_ENUM_CONVERSION = YES;
				CLANG_WARN_INT_CONVERSION = YES;
				CLANG_WARN__DUPLICATE_METHOD_MATCH = YES;
				"CODE_SIGN_IDENTITY[sdk=iphoneos*]" = "iPhone Developer";
				COPY_PHASE_STRIP = NO;
				GCC_C_LANGUAGE_STANDARD = gnu99;
				GCC_DYNAMIC_NO_PIC = NO;
				GCC_OPTIMIZATION_LEVEL = 0;
				GCC_PREPROCESSOR_DEFINITIONS = (
					"DEBUG=1",
					"$(inherited)",
				);
				GCC_SYMBOLS_PRIVATE_EXTERN = NO;
				GCC_WARN_ABOUT_RETURN_TYPE = YES;
				GCC_WARN_UNINITIALIZED_AUTOS = YES;
				GCC_WARN_UNUSED_VARIABLE = YES;
				IPHONEOS_DEPLOYMENT_TARGET = 6.1;
				ONLY_ACTIVE_ARCH = YES;
				SDKROOT = iphoneos;
				TARGETED_DEVICE_FAMILY = "1,2";
			};
			name = Debug;
		};
		3914973616D23F3800864DF1 /* Release */ = {
			isa = XCBuildConfiguration;
			buildSettings = {
				ALWAYS_SEARCH_USER_PATHS = NO;
				CLANG_CXX_LANGUAGE_STANDARD = "gnu++0x";
				CLANG_CXX_LIBRARY = "libc++";
				CLANG_ENABLE_OBJC_ARC = YES;
				CLANG_WARN_CONSTANT_CONVERSION = YES;
				CLANG_WARN_EMPTY_BODY = YES;
				CLANG_WARN_ENUM_CONVERSION = YES;
				CLANG_WARN_INT_CONVERSION = YES;
				CLANG_WARN__DUPLICATE_METHOD_MATCH = YES;
				"CODE_SIGN_IDENTITY[sdk=iphoneos*]" = "iPhone Developer";
				COPY_PHASE_STRIP = YES;
				GCC_C_LANGUAGE_STANDARD = gnu99;
				GCC_WARN_ABOUT_RETURN_TYPE = YES;
				GCC_WARN_UNINITIALIZED_AUTOS = YES;
				GCC_WARN_UNUSED_VARIABLE = YES;
				IPHONEOS_DEPLOYMENT_TARGET = 6.1;
				OTHER_CFLAGS = "-DNS_BLOCK_ASSERTIONS=1";
				SDKROOT = iphoneos;
				TARGETED_DEVICE_FAMILY = "1,2";
				VALIDATE_PRODUCT = YES;
			};
			name = Release;
		};
		3914973816D23F3800864DF1 /* Debug */ = {
			isa = XCBuildConfiguration;
			buildSettings = {
				GCC_PRECOMPILE_PREFIX_HEADER = YES;
				GCC_PREFIX_HEADER = "MBAlertDemo/MBAlertDemo-Prefix.pch";
				INFOPLIST_FILE = "MBAlertDemo/MBAlertDemo-Info.plist";
				PRODUCT_NAME = "$(TARGET_NAME)";
				WRAPPER_EXTENSION = app;
			};
			name = Debug;
		};
		3914973916D23F3800864DF1 /* Release */ = {
			isa = XCBuildConfiguration;
			buildSettings = {
				GCC_PRECOMPILE_PREFIX_HEADER = YES;
				GCC_PREFIX_HEADER = "MBAlertDemo/MBAlertDemo-Prefix.pch";
				INFOPLIST_FILE = "MBAlertDemo/MBAlertDemo-Info.plist";
				PRODUCT_NAME = "$(TARGET_NAME)";
				WRAPPER_EXTENSION = app;
			};
			name = Release;
		};
/* End XCBuildConfiguration section */

/* Begin XCConfigurationList section */
		3914970C16D23F3800864DF1 /* Build configuration list for PBXProject "MBAlertDemo" */ = {
			isa = XCConfigurationList;
			buildConfigurations = (
				3914973516D23F3800864DF1 /* Debug */,
				3914973616D23F3800864DF1 /* Release */,
			);
			defaultConfigurationIsVisible = 0;
			defaultConfigurationName = Release;
		};
		3914973716D23F3800864DF1 /* Build configuration list for PBXNativeTarget "MBAlertDemo" */ = {
			isa = XCConfigurationList;
			buildConfigurations = (
				3914973816D23F3800864DF1 /* Debug */,
				3914973916D23F3800864DF1 /* Release */,
			);
			defaultConfigurationIsVisible = 0;
			defaultConfigurationName = Release;
		};
/* End XCConfigurationList section */
	};
	rootObject = 3914970916D23F3800864DF1 /* Project object */;
}
